// !$*UTF8*$!
{
	archiveVersion = 1;
	classes = {
	};
	objectVersion = 46;
	objects = {

/* Begin PBXBuildFile section */
		8B27EDC31961616F00ADFDFE /* Cookie.swift in Sources */ = {isa = PBXBuildFile; fileRef = 8B27EDC21961616F00ADFDFE /* Cookie.swift */; };
		8B27EDC51961645700ADFDFE /* Array2D.swift in Sources */ = {isa = PBXBuildFile; fileRef = 8B27EDC41961645700ADFDFE /* Array2D.swift */; };
		8B27EDC719616A7E00ADFDFE /* Set.swift in Sources */ = {isa = PBXBuildFile; fileRef = 8B27EDC619616A7E00ADFDFE /* Set.swift */; };
		8B27EDC919616B0D00ADFDFE /* Level.swift in Sources */ = {isa = PBXBuildFile; fileRef = 8B27EDC819616B0D00ADFDFE /* Level.swift */; };
		8BDDD09F195C32C300E13FFA /* AppDelegate.swift in Sources */ = {isa = PBXBuildFile; fileRef = 8BDDD09E195C32C200E13FFA /* AppDelegate.swift */; };
		8BDDD0A3195C32C300E13FFA /* GameScene.swift in Sources */ = {isa = PBXBuildFile; fileRef = 8BDDD0A2195C32C300E13FFA /* GameScene.swift */; };
		8BDDD0A5195C32C300E13FFA /* GameViewController.swift in Sources */ = {isa = PBXBuildFile; fileRef = 8BDDD0A4195C32C300E13FFA /* GameViewController.swift */; };
		8BDDD0A8195C32C300E13FFA /* Main.storyboard in Resources */ = {isa = PBXBuildFile; fileRef = 8BDDD0A6195C32C300E13FFA /* Main.storyboard */; };
		8BDDD0AA195C32C300E13FFA /* Images.xcassets in Resources */ = {isa = PBXBuildFile; fileRef = 8BDDD0A9195C32C300E13FFA /* Images.xcassets */; };
		8BDDD0B6195C32C300E13FFA /* CookieCrunchTests.swift in Sources */ = {isa = PBXBuildFile; fileRef = 8BDDD0B5195C32C300E13FFA /* CookieCrunchTests.swift */; };
		8BDDD0C0195C331A00E13FFA /* Sprites.atlas in Resources */ = {isa = PBXBuildFile; fileRef = 8BDDD0BF195C331A00E13FFA /* Sprites.atlas */; };
/* End PBXBuildFile section */

/* Begin PBXContainerItemProxy section */
		8BDDD0B0195C32C300E13FFA /* PBXContainerItemProxy */ = {
			isa = PBXContainerItemProxy;
			containerPortal = 8BDDD091195C32C200E13FFA /* Project object */;
			proxyType = 1;
			remoteGlobalIDString = 8BDDD098195C32C200E13FFA;
			remoteInfo = CookieCrunch;
		};
/* End PBXContainerItemProxy section */

/* Begin PBXFileReference section */
		8B27EDC21961616F00ADFDFE /* Cookie.swift */ = {isa = PBXFileReference; fileEncoding = 4; lastKnownFileType = sourcecode.swift; path = Cookie.swift; sourceTree = "<group>"; };
		8B27EDC41961645700ADFDFE /* Array2D.swift */ = {isa = PBXFileReference; fileEncoding = 4; lastKnownFileType = sourcecode.swift; path = Array2D.swift; sourceTree = "<group>"; };
		8B27EDC619616A7E00ADFDFE /* Set.swift */ = {isa = PBXFileReference; fileEncoding = 4; lastKnownFileType = sourcecode.swift; path = Set.swift; sourceTree = "<group>"; };
		8B27EDC819616B0D00ADFDFE /* Level.swift */ = {isa = PBXFileReference; fileEncoding = 4; lastKnownFileType = sourcecode.swift; path = Level.swift; sourceTree = "<group>"; };
		8BDDD099195C32C200E13FFA /* CookieCrunch.app */ = {isa = PBXFileReference; explicitFileType = wrapper.application; includeInIndex = 0; path = CookieCrunch.app; sourceTree = BUILT_PRODUCTS_DIR; };
		8BDDD09D195C32C200E13FFA /* Info.plist */ = {isa = PBXFileReference; lastKnownFileType = text.plist.xml; path = Info.plist; sourceTree = "<group>"; };
		8BDDD09E195C32C200E13FFA /* AppDelegate.swift */ = {isa = PBXFileReference; lastKnownFileType = sourcecode.swift; path = AppDelegate.swift; sourceTree = "<group>"; };
		8BDDD0A2195C32C300E13FFA /* GameScene.swift */ = {isa = PBXFileReference; lastKnownFileType = sourcecode.swift; path = GameScene.swift; sourceTree = "<group>"; };
		8BDDD0A4195C32C300E13FFA /* GameViewController.swift */ = {isa = PBXFileReference; lastKnownFileType = sourcecode.swift; path = GameViewController.swift; sourceTree = "<group>"; };
		8BDDD0A7195C32C300E13FFA /* Base */ = {isa = PBXFileReference; lastKnownFileType = file.storyboard; name = Base; path = Base.lproj/Main.storyboard; sourceTree = "<group>"; };
		8BDDD0A9195C32C300E13FFA /* Images.xcassets */ = {isa = PBXFileReference; lastKnownFileType = folder.assetcatalog; path = Images.xcassets; sourceTree = "<group>"; };
		8BDDD0AF195C32C300E13FFA /* CookieCrunchTests.xctest */ = {isa = PBXFileReference; explicitFileType = wrapper.cfbundle; includeInIndex = 0; path = CookieCrunchTests.xctest; sourceTree = BUILT_PRODUCTS_DIR; };
		8BDDD0B4195C32C300E13FFA /* Info.plist */ = {isa = PBXFileReference; lastKnownFileType = text.plist.xml; path = Info.plist; sourceTree = "<group>"; };
		8BDDD0B5195C32C300E13FFA /* CookieCrunchTests.swift */ = {isa = PBXFileReference; lastKnownFileType = sourcecode.swift; path = CookieCrunchTests.swift; sourceTree = "<group>"; };
		8BDDD0BF195C331A00E13FFA /* Sprites.atlas */ = {isa = PBXFileReference; lastKnownFileType = folder.skatlas; path = Sprites.atlas; sourceTree = "<group>"; };
/* End PBXFileReference section */

/* Begin PBXFrameworksBuildPhase section */
		8BDDD096195C32C200E13FFA /* Frameworks */ = {
			isa = PBXFrameworksBuildPhase;
			buildActionMask = 2147483647;
			files = (
			);
			runOnlyForDeploymentPostprocessing = 0;
		};
		8BDDD0AC195C32C300E13FFA /* Frameworks */ = {
			isa = PBXFrameworksBuildPhase;
			buildActionMask = 2147483647;
			files = (
			);
			runOnlyForDeploymentPostprocessing = 0;
		};
/* End PBXFrameworksBuildPhase section */

/* Begin PBXGroup section */
		8BDDD090195C32C200E13FFA = {
			isa = PBXGroup;
			children = (
				8BDDD09B195C32C200E13FFA /* CookieCrunch */,
				8BDDD0B2195C32C300E13FFA /* CookieCrunchTests */,
				8BDDD09A195C32C200E13FFA /* Products */,
			);
			sourceTree = "<group>";
		};
		8BDDD09A195C32C200E13FFA /* Products */ = {
			isa = PBXGroup;
			children = (
				8BDDD099195C32C200E13FFA /* CookieCrunch.app */,
				8BDDD0AF195C32C300E13FFA /* CookieCrunchTests.xctest */,
			);
			name = Products;
			sourceTree = "<group>";
		};
		8BDDD09B195C32C200E13FFA /* CookieCrunch */ = {
			isa = PBXGroup;
			children = (
				8BDDD0BF195C331A00E13FFA /* Sprites.atlas */,
				8BDDD09E195C32C200E13FFA /* AppDelegate.swift */,
				8BDDD0A2195C32C300E13FFA /* GameScene.swift */,
				8B27EDC21961616F00ADFDFE /* Cookie.swift */,
				8B27EDC41961645700ADFDFE /* Array2D.swift */,
				8B27EDC619616A7E00ADFDFE /* Set.swift */,
				8B27EDC819616B0D00ADFDFE /* Level.swift */,
				8BDDD0A4195C32C300E13FFA /* GameViewController.swift */,
				8BDDD0A6195C32C300E13FFA /* Main.storyboard */,
				8BDDD0A9195C32C300E13FFA /* Images.xcassets */,
				8BDDD09C195C32C200E13FFA /* Supporting Files */,
			);
			path = CookieCrunch;
			sourceTree = "<group>";
		};
		8BDDD09C195C32C200E13FFA /* Supporting Files */ = {
			isa = PBXGroup;
			children = (
				8BDDD09D195C32C200E13FFA /* Info.plist */,
			);
			name = "Supporting Files";
			sourceTree = "<group>";
		};
		8BDDD0B2195C32C300E13FFA /* CookieCrunchTests */ = {
			isa = PBXGroup;
			children = (
				8BDDD0B5195C32C300E13FFA /* CookieCrunchTests.swift */,
				8BDDD0B3195C32C300E13FFA /* Supporting Files */,
			);
			path = CookieCrunchTests;
			sourceTree = "<group>";
		};
		8BDDD0B3195C32C300E13FFA /* Supporting Files */ = {
			isa = PBXGroup;
			children = (
				8BDDD0B4195C32C300E13FFA /* Info.plist */,
			);
			name = "Supporting Files";
			sourceTree = "<group>";
		};
/* End PBXGroup section */

/* Begin PBXNativeTarget section */
		8BDDD098195C32C200E13FFA /* CookieCrunch */ = {
			isa = PBXNativeTarget;
			buildConfigurationList = 8BDDD0B9195C32C300E13FFA /* Build configuration list for PBXNativeTarget "CookieCrunch" */;
			buildPhases = (
				8BDDD095195C32C200E13FFA /* Sources */,
				8BDDD096195C32C200E13FFA /* Frameworks */,
				8BDDD097195C32C200E13FFA /* Resources */,
			);
			buildRules = (
			);
			dependencies = (
			);
			name = CookieCrunch;
			productName = CookieCrunch;
			productReference = 8BDDD099195C32C200E13FFA /* CookieCrunch.app */;
			productType = "com.apple.product-type.application";
		};
		8BDDD0AE195C32C300E13FFA /* CookieCrunchTests */ = {
			isa = PBXNativeTarget;
			buildConfigurationList = 8BDDD0BC195C32C300E13FFA /* Build configuration list for PBXNativeTarget "CookieCrunchTests" */;
			buildPhases = (
				8BDDD0AB195C32C300E13FFA /* Sources */,
				8BDDD0AC195C32C300E13FFA /* Frameworks */,
				8BDDD0AD195C32C300E13FFA /* Resources */,
			);
			buildRules = (
			);
			dependencies = (
				8BDDD0B1195C32C300E13FFA /* PBXTargetDependency */,
			);
			name = CookieCrunchTests;
			productName = CookieCrunchTests;
			productReference = 8BDDD0AF195C32C300E13FFA /* CookieCrunchTests.xctest */;
			productType = "com.apple.product-type.bundle.unit-test";
		};
/* End PBXNativeTarget section */

/* Begin PBXProject section */
		8BDDD091195C32C200E13FFA /* Project object */ = {
			isa = PBXProject;
			attributes = {
				LastUpgradeCheck = 0600;
				ORGANIZATIONNAME = Cyberagent;
				TargetAttributes = {
					8BDDD098195C32C200E13FFA = {
						CreatedOnToolsVersion = 6.0;
					};
					8BDDD0AE195C32C300E13FFA = {
						CreatedOnToolsVersion = 6.0;
						TestTargetID = 8BDDD098195C32C200E13FFA;
					};
				};
			};
			buildConfigurationList = 8BDDD094195C32C200E13FFA /* Build configuration list for PBXProject "CookieCrunch" */;
			compatibilityVersion = "Xcode 3.2";
			developmentRegion = English;
			hasScannedForEncodings = 0;
			knownRegions = (
				en,
				Base,
			);
			mainGroup = 8BDDD090195C32C200E13FFA;
			productRefGroup = 8BDDD09A195C32C200E13FFA /* Products */;
			projectDirPath = "";
			projectRoot = "";
			targets = (
				8BDDD098195C32C200E13FFA /* CookieCrunch */,
				8BDDD0AE195C32C300E13FFA /* CookieCrunchTests */,
			);
		};
/* End PBXProject section */

/* Begin PBXResourcesBuildPhase section */
		8BDDD097195C32C200E13FFA /* Resources */ = {
			isa = PBXResourcesBuildPhase;
			buildActionMask = 2147483647;
			files = (
				8BDDD0AA195C32C300E13FFA /* Images.xcassets in Resources */,
				8BDDD0C0195C331A00E13FFA /* Sprites.atlas in Resources */,
				8BDDD0A8195C32C300E13FFA /* Main.storyboard in Resources */,
			);
			runOnlyForDeploymentPostprocessing = 0;
		};
		8BDDD0AD195C32C300E13FFA /* Resources */ = {
			isa = PBXResourcesBuildPhase;
			buildActionMask = 2147483647;
			files = (
			);
			runOnlyForDeploymentPostprocessing = 0;
		};
/* End PBXResourcesBuildPhase section */

/* Begin PBXSourcesBuildPhase section */
		8BDDD095195C32C200E13FFA /* Sources */ = {
			isa = PBXSourcesBuildPhase;
			buildActionMask = 2147483647;
			files = (
				8BDDD0A3195C32C300E13FFA /* GameScene.swift in Sources */,
				8B27EDC919616B0D00ADFDFE /* Level.swift in Sources */,
				8B27EDC31961616F00ADFDFE /* Cookie.swift in Sources */,
				8B27EDC719616A7E00ADFDFE /* Set.swift in Sources */,
				8BDDD0A5195C32C300E13FFA /* GameViewController.swift in Sources */,
				8BDDD09F195C32C300E13FFA /* AppDelegate.swift in Sources */,
				8B27EDC51961645700ADFDFE /* Array2D.swift in Sources */,
			);
			runOnlyForDeploymentPostprocessing = 0;
		};
		8BDDD0AB195C32C300E13FFA /* Sources */ = {
			isa = PBXSourcesBuildPhase;
			buildActionMask = 2147483647;
			files = (
				8BDDD0B6195C32C300E13FFA /* CookieCrunchTests.swift in Sources */,
			);
			runOnlyForDeploymentPostprocessing = 0;
		};
/* End PBXSourcesBuildPhase section */

/* Begin PBXTargetDependency section */
		8BDDD0B1195C32C300E13FFA /* PBXTargetDependency */ = {
			isa = PBXTargetDependency;
			target = 8BDDD098195C32C200E13FFA /* CookieCrunch */;
			targetProxy = 8BDDD0B0195C32C300E13FFA /* PBXContainerItemProxy */;
		};
/* End PBXTargetDependency section */

/* Begin PBXVariantGroup section */
		8BDDD0A6195C32C300E13FFA /* Main.storyboard */ = {
			isa = PBXVariantGroup;
			children = (
				8BDDD0A7195C32C300E13FFA /* Base */,
			);
			name = Main.storyboard;
			sourceTree = "<group>";
		};
/* End PBXVariantGroup section */

/* Begin XCBuildConfiguration section */
		8BDDD0B7195C32C300E13FFA /* Debug */ = {
			isa = XCBuildConfiguration;
			buildSettings = {
				ALWAYS_SEARCH_USER_PATHS = NO;
				CLANG_CXX_LANGUAGE_STANDARD = "gnu++0x";
				CLANG_CXX_LIBRARY = "libc++";
				CLANG_ENABLE_MODULES = YES;
				CLANG_ENABLE_OBJC_ARC = YES;
				CLANG_WARN_BOOL_CONVERSION = YES;
				CLANG_WARN_CONSTANT_CONVERSION = YES;
				CLANG_WARN_DIRECT_OBJC_ISA_USAGE = YES_ERROR;
				CLANG_WARN_EMPTY_BODY = YES;
				CLANG_WARN_ENUM_CONVERSION = YES;
				CLANG_WARN_INT_CONVERSION = YES;
				CLANG_WARN_OBJC_ROOT_CLASS = YES_ERROR;
				CLANG_WARN_UNREACHABLE_CODE = YES;
				CLANG_WARN__DUPLICATE_METHOD_MATCH = YES;
				"CODE_SIGN_IDENTITY[sdk=iphoneos*]" = "iPhone Developer";
				COPY_PHASE_STRIP = NO;
				ENABLE_STRICT_OBJC_MSGSEND = YES;
				GCC_C_LANGUAGE_STANDARD = gnu99;
				GCC_DYNAMIC_NO_PIC = NO;
				GCC_OPTIMIZATION_LEVEL = 0;
				GCC_PREPROCESSOR_DEFINITIONS = (
					"DEBUG=1",
					"$(inherited)",
				);
				GCC_SYMBOLS_PRIVATE_EXTERN = NO;
				GCC_WARN_64_TO_32_BIT_CONVERSION = YES;
				GCC_WARN_ABOUT_RETURN_TYPE = YES_ERROR;
				GCC_WARN_UNDECLARED_SELECTOR = YES;
				GCC_WARN_UNINITIALIZED_AUTOS = YES_AGGRESSIVE;
				GCC_WARN_UNUSED_FUNCTION = YES;
				GCC_WARN_UNUSED_VARIABLE = YES;
				IPHONEOS_DEPLOYMENT_TARGET = 8.0;
				METAL_ENABLE_DEBUG_INFO = YES;
				ONLY_ACTIVE_ARCH = YES;
				SDKROOT = iphoneos;
				SWIFT_OPTIMIZATION_LEVEL = "-Onone";
			};
			name = Debug;
		};
		8BDDD0B8195C32C300E13FFA /* Release */ = {
			isa = XCBuildConfiguration;
			buildSettings = {
				ALWAYS_SEARCH_USER_PATHS = NO;
				CLANG_CXX_LANGUAGE_STANDARD = "gnu++0x";
				CLANG_CXX_LIBRARY = "libc++";
				CLANG_ENABLE_MODULES = YES;
				CLANG_ENABLE_OBJC_ARC = YES;
				CLANG_WARN_BOOL_CONVERSION = YES;
				CLANG_WARN_CONSTANT_CONVERSION = YES;
				CLANG_WARN_DIRECT_OBJC_ISA_USAGE = YES_ERROR;
				CLANG_WARN_EMPTY_BODY = YES;
				CLANG_WARN_ENUM_CONVERSION = YES;
				CLANG_WARN_INT_CONVERSION = YES;
				CLANG_WARN_OBJC_ROOT_CLASS = YES_ERROR;
				CLANG_WARN_UNREACHABLE_CODE = YES;
				CLANG_WARN__DUPLICATE_METHOD_MATCH = YES;
				"CODE_SIGN_IDENTITY[sdk=iphoneos*]" = "iPhone Developer";
				COPY_PHASE_STRIP = YES;
				ENABLE_NS_ASSERTIONS = NO;
				ENABLE_STRICT_OBJC_MSGSEND = YES;
				GCC_C_LANGUAGE_STANDARD = gnu99;
				GCC_WARN_64_TO_32_BIT_CONVERSION = YES;
				GCC_WARN_ABOUT_RETURN_TYPE = YES_ERROR;
				GCC_WARN_UNDECLARED_SELECTOR = YES;
				GCC_WARN_UNINITIALIZED_AUTOS = YES_AGGRESSIVE;
				GCC_WARN_UNUSED_FUNCTION = YES;
				GCC_WARN_UNUSED_VARIABLE = YES;
				IPHONEOS_DEPLOYMENT_TARGET = 8.0;
				METAL_ENABLE_DEBUG_INFO = NO;
				SDKROOT = iphoneos;
				VALIDATE_PRODUCT = YES;
			};
			name = Release;
		};
		8BDDD0BA195C32C300E13FFA /* Debug */ = {
			isa = XCBuildConfiguration;
			buildSettings = {
				ASSETCATALOG_COMPILER_APPICON_NAME = AppIcon;
				ASSETCATALOG_COMPILER_LAUNCHIMAGE_NAME = LaunchImage;
				INFOPLIST_FILE = CookieCrunch/Info.plist;
				LD_RUNPATH_SEARCH_PATHS = "$(inherited) @executable_path/Frameworks";
				PRODUCT_NAME = "$(TARGET_NAME)";
			};
			name = Debug;
		};
		8BDDD0BB195C32C300E13FFA /* Release */ = {
			isa = XCBuildConfiguration;
			buildSettings = {
				ASSETCATALOG_COMPILER_APPICON_NAME = AppIcon;
				ASSETCATALOG_COMPILER_LAUNCHIMAGE_NAME = LaunchImage;
				INFOPLIST_FILE = CookieCrunch/Info.plist;
				LD_RUNPATH_SEARCH_PATHS = "$(inherited) @executable_path/Frameworks";
				PRODUCT_NAME = "$(TARGET_NAME)";
			};
			name = Release;
		};
		8BDDD0BD195C32C300E13FFA /* Debug */ = {
			isa = XCBuildConfiguration;
			buildSettings = {
				BUNDLE_LOADER = "$(BUILT_PRODUCTS_DIR)/CookieCrunch.app/CookieCrunch";
				FRAMEWORK_SEARCH_PATHS = (
					"$(SDKROOT)/Developer/Library/Frameworks",
					"$(inherited)",
				);
				GCC_PREPROCESSOR_DEFINITIONS = (
					"DEBUG=1",
					"$(inherited)",
				);
				INFOPLIST_FILE = CookieCrunchTests/Info.plist;
				LD_RUNPATH_SEARCH_PATHS = "$(inherited) @executable_path/Frameworks @loader_path/Frameworks";
				METAL_ENABLE_DEBUG_INFO = YES;
				PRODUCT_NAME = "$(TARGET_NAME)";
				TEST_HOST = "$(BUNDLE_LOADER)";
			};
			name = Debug;
		};
		8BDDD0BE195C32C300E13FFA /* Release */ = {
			isa = XCBuildConfiguration;
			buildSettings = {
				BUNDLE_LOADER = "$(BUILT_PRODUCTS_DIR)/CookieCrunch.app/CookieCrunch";
				FRAMEWORK_SEARCH_PATHS = (
					"$(SDKROOT)/Developer/Library/Frameworks",
					"$(inherited)",
				);
				INFOPLIST_FILE = CookieCrunchTests/Info.plist;
				LD_RUNPATH_SEARCH_PATHS = "$(inherited) @executable_path/Frameworks @loader_path/Frameworks";
				METAL_ENABLE_DEBUG_INFO = NO;
				PRODUCT_NAME = "$(TARGET_NAME)";
				TEST_HOST = "$(BUNDLE_LOADER)";
			};
			name = Release;
		};
/* End XCBuildConfiguration section */

/* Begin XCConfigurationList section */
		8BDDD094195C32C200E13FFA /* Build configuration list for PBXProject "CookieCrunch" */ = {
			isa = XCConfigurationList;
			buildConfigurations = (
				8BDDD0B7195C32C300E13FFA /* Debug */,
				8BDDD0B8195C32C300E13FFA /* Release */,
			);
			defaultConfigurationIsVisible = 0;
			defaultConfigurationName = Release;
		};
		8BDDD0B9195C32C300E13FFA /* Build configuration list for PBXNativeTarget "CookieCrunch" */ = {
			isa = XCConfigurationList;
			buildConfigurations = (
				8BDDD0BA195C32C300E13FFA /* Debug */,
				8BDDD0BB195C32C300E13FFA /* Release */,
			);
			defaultConfigurationIsVisible = 0;
			defaultConfigurationName = Release;
		};
		8BDDD0BC195C32C300E13FFA /* Build configuration list for PBXNativeTarget "CookieCrunchTests" */ = {
			isa = XCConfigurationList;
			buildConfigurations = (
				8BDDD0BD195C32C300E13FFA /* Debug */,
				8BDDD0BE195C32C300E13FFA /* Release */,
			);
			defaultConfigurationIsVisible = 0;
			defaultConfigurationName = Release;
		};
/* End XCConfigurationList section */
	};
	rootObject = 8BDDD091195C32C200E13FFA /* Project object */;
}
